
Microsoft Visual Studio Solution File, Format Version 12.00
# Visual Studio Version 17
VisualStudioVersion = 17.12.35707.178
MinimumVisualStudioVersion = 10.0.40219.1
Project("{2150E333-8FDC-42A3-9474-1A3956D46DE8}") = "Services", "Services", "{73F63C0F-B6AA-4C39-AE78-C06C70BC31A6}"
EndProject
Project("{2150E333-8FDC-42A3-9474-1A3956D46DE8}") = "CartService", "CartService", "{C636B3DA-BF27-42EB-B6F5-F4B86292F89C}"
EndProject
Project("{2150E333-8FDC-42A3-9474-1A3956D46DE8}") = "CatalogService", "CatalogService", "{35D367CE-FE44-4341-AD5D-A73002020A38}"
EndProject
Project("{FAE04EC0-301F-11D3-BF4B-00C04F79EFBC}") = "Cart.API", "Services\Cart.API\Cart.API.csproj", "{9F61082D-EDBE-4F02-A0DA-AA84B6679081}"
EndProject
Project("{FAE04EC0-301F-11D3-BF4B-00C04F79EFBC}") = "Cart.Application", "Services\Cart.Application\Cart.Application.csproj", "{73FEE880-FF2F-4942-8BD3-DF935F79D45E}"
EndProject
Project("{FAE04EC0-301F-11D3-BF4B-00C04F79EFBC}") = "Cart.Infrastructure", "Services\Cart.Infrastructure\Cart.Infrastructure.csproj", "{545AE16E-DF2D-4939-BB35-49DC73A4EB97}"
EndProject
Project("{FAE04EC0-301F-11D3-BF4B-00C04F79EFBC}") = "Catalog.API", "Services\Catalog.API\Catalog.API.csproj", "{8DED66AC-469C-4AAB-AAAC-D3423EA1E009}"
EndProject
Project("{FAE04EC0-301F-11D3-BF4B-00C04F79EFBC}") = "Catalog.Application", "Services\Catalog.Application\Catalog.Application.csproj", "{C558B4FB-DC64-4D25-9DE0-7339408BC16F}"
EndProject
Project("{FAE04EC0-301F-11D3-BF4B-00C04F79EFBC}") = "Catalog.Core", "Services\Catalog.Core\Catalog.Core.csproj", "{E1ADFD42-0045-4376-975F-BE1A49F20056}"
EndProject
Project("{FAE04EC0-301F-11D3-BF4B-00C04F79EFBC}") = "Catalog.Infrastructure", "Services\Catalog.Infrastructure\Catalog.Infrastructure.csproj", "{FDB8CDEC-9126-4AA0-82BD-F6B45B33A931}"
EndProject
Project("{FAE04EC0-301F-11D3-BF4B-00C04F79EFBC}") = "Cart.Core", "Services\Cart.Core\Cart.Core.csproj", "{25EFCD89-874E-4209-9FD8-F3B33C9E7923}"
EndProject
Global
	GlobalSection(SolutionConfigurationPlatforms) = preSolution
		Debug|Any CPU = Debug|Any CPU
		Release|Any CPU = Release|Any CPU
	EndGlobalSection
	GlobalSection(ProjectConfigurationPlatforms) = postSolution
		{9F61082D-EDBE-4F02-A0DA-AA84B6679081}.Debug|Any CPU.ActiveCfg = Debug|Any CPU
		{9F61082D-EDBE-4F02-A0DA-AA84B6679081}.Debug|Any CPU.Build.0 = Debug|Any CPU
		{9F61082D-EDBE-4F02-A0DA-AA84B6679081}.Release|Any CPU.ActiveCfg = Release|Any CPU
		{9F61082D-EDBE-4F02-A0DA-AA84B6679081}.Release|Any CPU.Build.0 = Release|Any CPU
		{73FEE880-FF2F-4942-8BD3-DF935F79D45E}.Debug|Any CPU.ActiveCfg = Debug|Any CPU
		{73FEE880-FF2F-4942-8BD3-DF935F79D45E}.Debug|Any CPU.Build.0 = Debug|Any CPU
		{73FEE880-FF2F-4942-8BD3-DF935F79D45E}.Release|Any CPU.ActiveCfg = Release|Any CPU
		{73FEE880-FF2F-4942-8BD3-DF935F79D45E}.Release|Any CPU.Build.0 = Release|Any CPU
		{545AE16E-DF2D-4939-BB35-49DC73A4EB97}.Debug|Any CPU.ActiveCfg = Debug|Any CPU
		{545AE16E-DF2D-4939-BB35-49DC73A4EB97}.Debug|Any CPU.Build.0 = Debug|Any CPU
		{545AE16E-DF2D-4939-BB35-49DC73A4EB97}.Release|Any CPU.ActiveCfg = Release|Any CPU
		{545AE16E-DF2D-4939-BB35-49DC73A4EB97}.Release|Any CPU.Build.0 = Release|Any CPU
		{8DED66AC-469C-4AAB-AAAC-D3423EA1E009}.Debug|Any CPU.ActiveCfg = Debug|Any CPU
		{8DED66AC-469C-4AAB-AAAC-D3423EA1E009}.Debug|Any CPU.Build.0 = Debug|Any CPU
		{8DED66AC-469C-4AAB-AAAC-D3423EA1E009}.Release|Any CPU.ActiveCfg = Release|Any CPU
		{8DED66AC-469C-4AAB-AAAC-D3423EA1E009}.Release|Any CPU.Build.0 = Release|Any CPU
		{C558B4FB-DC64-4D25-9DE0-7339408BC16F}.Debug|Any CPU.ActiveCfg = Debug|Any CPU
		{C558B4FB-DC64-4D25-9DE0-7339408BC16F}.Debug|Any CPU.Build.0 = Debug|Any CPU
		{C558B4FB-DC64-4D25-9DE0-7339408BC16F}.Release|Any CPU.ActiveCfg = Release|Any CPU
		{C558B4FB-DC64-4D25-9DE0-7339408BC16F}.Release|Any CPU.Build.0 = Release|Any CPU
		{E1ADFD42-0045-4376-975F-BE1A49F20056}.Debug|Any CPU.ActiveCfg = Debug|Any CPU
		{E1ADFD42-0045-4376-975F-BE1A49F20056}.Debug|Any CPU.Build.0 = Debug|Any CPU
		{E1ADFD42-0045-4376-975F-BE1A49F20056}.Release|Any CPU.ActiveCfg = Release|Any CPU
		{E1ADFD42-0045-4376-975F-BE1A49F20056}.Release|Any CPU.Build.0 = Release|Any CPU
		{FDB8CDEC-9126-4AA0-82BD-F6B45B33A931}.Debug|Any CPU.ActiveCfg = Debug|Any CPU
		{FDB8CDEC-9126-4AA0-82BD-F6B45B33A931}.Debug|Any CPU.Build.0 = Debug|Any CPU
		{FDB8CDEC-9126-4AA0-82BD-F6B45B33A931}.Release|Any CPU.ActiveCfg = Release|Any CPU
		{FDB8CDEC-9126-4AA0-82BD-F6B45B33A931}.Release|Any CPU.Build.0 = Release|Any CPU
		{25EFCD89-874E-4209-9FD8-F3B33C9E7923}.Debug|Any CPU.ActiveCfg = Debug|Any CPU
		{25EFCD89-874E-4209-9FD8-F3B33C9E7923}.Debug|Any CPU.Build.0 = Debug|Any CPU
		{25EFCD89-874E-4209-9FD8-F3B33C9E7923}.Release|Any CPU.ActiveCfg = Release|Any CPU
		{25EFCD89-874E-4209-9FD8-F3B33C9E7923}.Release|Any CPU.Build.0 = Release|Any CPU
	EndGlobalSection
	GlobalSection(SolutionProperties) = preSolution
		HideSolutionNode = FALSE
	EndGlobalSection
	GlobalSection(NestedProjects) = preSolution
		{C636B3DA-BF27-42EB-B6F5-F4B86292F89C} = {73F63C0F-B6AA-4C39-AE78-C06C70BC31A6}
		{35D367CE-FE44-4341-AD5D-A73002020A38} = {73F63C0F-B6AA-4C39-AE78-C06C70BC31A6}
		{9F61082D-EDBE-4F02-A0DA-AA84B6679081} = {C636B3DA-BF27-42EB-B6F5-F4B86292F89C}
		{73FEE880-FF2F-4942-8BD3-DF935F79D45E} = {C636B3DA-BF27-42EB-B6F5-F4B86292F89C}
		{545AE16E-DF2D-4939-BB35-49DC73A4EB97} = {C636B3DA-BF27-42EB-B6F5-F4B86292F89C}
		{8DED66AC-469C-4AAB-AAAC-D3423EA1E009} = {35D367CE-FE44-4341-AD5D-A73002020A38}
		{C558B4FB-DC64-4D25-9DE0-7339408BC16F} = {35D367CE-FE44-4341-AD5D-A73002020A38}
		{E1ADFD42-0045-4376-975F-BE1A49F20056} = {35D367CE-FE44-4341-AD5D-A73002020A38}
		{FDB8CDEC-9126-4AA0-82BD-F6B45B33A931} = {35D367CE-FE44-4341-AD5D-A73002020A38}
		{25EFCD89-874E-4209-9FD8-F3B33C9E7923} = {C636B3DA-BF27-42EB-B6F5-F4B86292F89C}
	EndGlobalSection
EndGlobal
