Microsoft Visual Studio Solution File, Format Version 12.00
# Visual Studio Version 17
VisualStudioVersion = 17.12.35527.113 d17.12
MinimumVisualStudioVersion = 10.0.40219.1
Project("{FAE04EC0-301F-11D3-BF4B-00C04F79EFBC}") = "Shopping.AppHost", "Shopping.AppHost\Shopping.AppHost.csproj", "{A523B52B-6265-468D-9349-74BCF01D2EED}"
EndProject
Project("{FAE04EC0-301F-11D3-BF4B-00C04F79EFBC}") = "Shopping.ServiceDefaults", "Shopping.ServiceDefaults\Shopping.ServiceDefaults.csproj", "{7CD76EFD-6BC4-4853-AF12-5039754D580A}"
EndProject
Project("{FAE04EC0-301F-11D3-BF4B-00C04F79EFBC}") = "Cart.API", "Cart.API\Cart.API.csproj", "{6FFC8533-1C0F-453F-809E-F0D5CBF5C4E5}"
EndProject
Project("{FAE04EC0-301F-11D3-BF4B-00C04F79EFBC}") = "Cart.Application", "Cart.Application\Cart.Application.csproj", "{68E932A0-B144-454E-8A27-BFF851E1D9A0}"
EndProject
Project("{FAE04EC0-301F-11D3-BF4B-00C04F79EFBC}") = "Cart.Core", "Cart.Core\Cart.Core.csproj", "{08E2BFC1-D4B3-4FA6-B920-8A433D1D4EF1}"
EndProject
Project("{FAE04EC0-301F-11D3-BF4B-00C04F79EFBC}") = "Cart.Infrastructure", "Cart.Infrastructure\Cart.Infrastructure.csproj", "{2D6CA11F-9C40-4515-A118-6382515BB7B5}"
EndProject
Project("{2150E333-8FDC-42A3-9474-1A3956D46DE8}") = "Cart", "Cart", "{291B16D4-3D81-4883-B402-4DA509007829}"
EndProject
Project("{2150E333-8FDC-42A3-9474-1A3956D46DE8}") = "Catalog", "Catalog", "{7958895F-E877-49B8-B3D2-FFEEE30581E4}"
EndProject
Project("{FAE04EC0-301F-11D3-BF4B-00C04F79EFBC}") = "Catalog.API", "Catalog.API\Catalog.API.csproj", "{1C961527-FCF8-464C-A5D7-00DC4439DCC0}"
EndProject
Project("{FAE04EC0-301F-11D3-BF4B-00C04F79EFBC}") = "Catalog.Application", "Catalog.Application\Catalog.Application.csproj", "{D61F5039-7FD3-4134-88BC-38283AC73FAC}"
EndProject
Project("{FAE04EC0-301F-11D3-BF4B-00C04F79EFBC}") = "Catalog.Infrastructure", "Catalog.Infrastructure\Catalog.Infrastructure.csproj", "{4F0692EB-D319-47F1-851F-BF75DC4B3C87}"
EndProject
Project("{FAE04EC0-301F-11D3-BF4B-00C04F79EFBC}") = "Catalog.Core", "Catalog.Core\Catalog.Core.csproj", "{040AFB68-25C2-4C2F-B432-A0809A73E01C}"
EndProject
Global
	GlobalSection(SolutionConfigurationPlatforms) = preSolution
		Debug|Any CPU = Debug|Any CPU
		Release|Any CPU = Release|Any CPU
	EndGlobalSection
	GlobalSection(ProjectConfigurationPlatforms) = postSolution
		{A523B52B-6265-468D-9349-74BCF01D2EED}.Debug|Any CPU.ActiveCfg = Debug|Any CPU
		{A523B52B-6265-468D-9349-74BCF01D2EED}.Debug|Any CPU.Build.0 = Debug|Any CPU
		{A523B52B-6265-468D-9349-74BCF01D2EED}.Release|Any CPU.ActiveCfg = Release|Any CPU
		{A523B52B-6265-468D-9349-74BCF01D2EED}.Release|Any CPU.Build.0 = Release|Any CPU
		{7CD76EFD-6BC4-4853-AF12-5039754D580A}.Debug|Any CPU.ActiveCfg = Debug|Any CPU
		{7CD76EFD-6BC4-4853-AF12-5039754D580A}.Debug|Any CPU.Build.0 = Debug|Any CPU
		{7CD76EFD-6BC4-4853-AF12-5039754D580A}.Release|Any CPU.ActiveCfg = Release|Any CPU
		{7CD76EFD-6BC4-4853-AF12-5039754D580A}.Release|Any CPU.Build.0 = Release|Any CPU
		{6FFC8533-1C0F-453F-809E-F0D5CBF5C4E5}.Debug|Any CPU.ActiveCfg = Debug|Any CPU
		{6FFC8533-1C0F-453F-809E-F0D5CBF5C4E5}.Debug|Any CPU.Build.0 = Debug|Any CPU
		{6FFC8533-1C0F-453F-809E-F0D5CBF5C4E5}.Release|Any CPU.ActiveCfg = Release|Any CPU
		{6FFC8533-1C0F-453F-809E-F0D5CBF5C4E5}.Release|Any CPU.Build.0 = Release|Any CPU
		{68E932A0-B144-454E-8A27-BFF851E1D9A0}.Debug|Any CPU.ActiveCfg = Debug|Any CPU
		{68E932A0-B144-454E-8A27-BFF851E1D9A0}.Debug|Any CPU.Build.0 = Debug|Any CPU
		{68E932A0-B144-454E-8A27-BFF851E1D9A0}.Release|Any CPU.ActiveCfg = Release|Any CPU
		{68E932A0-B144-454E-8A27-BFF851E1D9A0}.Release|Any CPU.Build.0 = Release|Any CPU
		{08E2BFC1-D4B3-4FA6-B920-8A433D1D4EF1}.Debug|Any CPU.ActiveCfg = Debug|Any CPU
		{08E2BFC1-D4B3-4FA6-B920-8A433D1D4EF1}.Debug|Any CPU.Build.0 = Debug|Any CPU
		{08E2BFC1-D4B3-4FA6-B920-8A433D1D4EF1}.Release|Any CPU.ActiveCfg = Release|Any CPU
		{08E2BFC1-D4B3-4FA6-B920-8A433D1D4EF1}.Release|Any CPU.Build.0 = Release|Any CPU
		{2D6CA11F-9C40-4515-A118-6382515BB7B5}.Debug|Any CPU.ActiveCfg = Debug|Any CPU
		{2D6CA11F-9C40-4515-A118-6382515BB7B5}.Debug|Any CPU.Build.0 = Debug|Any CPU
		{2D6CA11F-9C40-4515-A118-6382515BB7B5}.Release|Any CPU.ActiveCfg = Release|Any CPU
		{2D6CA11F-9C40-4515-A118-6382515BB7B5}.Release|Any CPU.Build.0 = Release|Any CPU
		{1C961527-FCF8-464C-A5D7-00DC4439DCC0}.Debug|Any CPU.ActiveCfg = Debug|Any CPU
		{1C961527-FCF8-464C-A5D7-00DC4439DCC0}.Debug|Any CPU.Build.0 = Debug|Any CPU
		{1C961527-FCF8-464C-A5D7-00DC4439DCC0}.Release|Any CPU.ActiveCfg = Release|Any CPU
		{1C961527-FCF8-464C-A5D7-00DC4439DCC0}.Release|Any CPU.Build.0 = Release|Any CPU
		{D61F5039-7FD3-4134-88BC-38283AC73FAC}.Debug|Any CPU.ActiveCfg = Debug|Any CPU
		{D61F5039-7FD3-4134-88BC-38283AC73FAC}.Debug|Any CPU.Build.0 = Debug|Any CPU
		{D61F5039-7FD3-4134-88BC-38283AC73FAC}.Release|Any CPU.ActiveCfg = Release|Any CPU
		{D61F5039-7FD3-4134-88BC-38283AC73FAC}.Release|Any CPU.Build.0 = Release|Any CPU
		{4F0692EB-D319-47F1-851F-BF75DC4B3C87}.Debug|Any CPU.ActiveCfg = Debug|Any CPU
		{4F0692EB-D319-47F1-851F-BF75DC4B3C87}.Debug|Any CPU.Build.0 = Debug|Any CPU
		{4F0692EB-D319-47F1-851F-BF75DC4B3C87}.Release|Any CPU.ActiveCfg = Release|Any CPU
		{4F0692EB-D319-47F1-851F-BF75DC4B3C87}.Release|Any CPU.Build.0 = Release|Any CPU
		{040AFB68-25C2-4C2F-B432-A0809A73E01C}.Debug|Any CPU.ActiveCfg = Debug|Any CPU
		{040AFB68-25C2-4C2F-B432-A0809A73E01C}.Debug|Any CPU.Build.0 = Debug|Any CPU
		{040AFB68-25C2-4C2F-B432-A0809A73E01C}.Release|Any CPU.ActiveCfg = Release|Any CPU
		{040AFB68-25C2-4C2F-B432-A0809A73E01C}.Release|Any CPU.Build.0 = Release|Any CPU
	EndGlobalSection
	GlobalSection(SolutionProperties) = preSolution
		HideSolutionNode = FALSE
	EndGlobalSection
	GlobalSection(NestedProjects) = preSolution
		{6FFC8533-1C0F-453F-809E-F0D5CBF5C4E5} = {291B16D4-3D81-4883-B402-4DA509007829}
		{68E932A0-B144-454E-8A27-BFF851E1D9A0} = {291B16D4-3D81-4883-B402-4DA509007829}
		{08E2BFC1-D4B3-4FA6-B920-8A433D1D4EF1} = {291B16D4-3D81-4883-B402-4DA509007829}
		{2D6CA11F-9C40-4515-A118-6382515BB7B5} = {291B16D4-3D81-4883-B402-4DA509007829}
		{1C961527-FCF8-464C-A5D7-00DC4439DCC0} = {7958895F-E877-49B8-B3D2-FFEEE30581E4}
		{D61F5039-7FD3-4134-88BC-38283AC73FAC} = {7958895F-E877-49B8-B3D2-FFEEE30581E4}
		{4F0692EB-D319-47F1-851F-BF75DC4B3C87} = {7958895F-E877-49B8-B3D2-FFEEE30581E4}
		{040AFB68-25C2-4C2F-B432-A0809A73E01C} = {7958895F-E877-49B8-B3D2-FFEEE30581E4}
	EndGlobalSection
EndGlobal
